// !$*UTF8*$!
{
	archiveVersion = 1;
	classes = {
	};
	objectVersion = 50;
	objects = {

/* Begin PBXBuildFile section */
		302243E325124BAC00B12B85 /* AppDelegate.swift in Sources */ = {isa = PBXBuildFile; fileRef = 302243E225124BAC00B12B85 /* AppDelegate.swift */; };
		302243E525124BAC00B12B85 /* SceneDelegate.swift in Sources */ = {isa = PBXBuildFile; fileRef = 302243E425124BAC00B12B85 /* SceneDelegate.swift */; };
		302243E725124BAC00B12B85 /* MainViewController.swift in Sources */ = {isa = PBXBuildFile; fileRef = 302243E625124BAC00B12B85 /* MainViewController.swift */; };
		302243EA25124BAC00B12B85 /* Main.storyboard in Resources */ = {isa = PBXBuildFile; fileRef = 302243E825124BAC00B12B85 /* Main.storyboard */; };
		302243EC25124BB000B12B85 /* Assets.xcassets in Resources */ = {isa = PBXBuildFile; fileRef = 302243EB25124BB000B12B85 /* Assets.xcassets */; };
		302243EF25124BB000B12B85 /* LaunchScreen.storyboard in Resources */ = {isa = PBXBuildFile; fileRef = 302243ED25124BB000B12B85 /* LaunchScreen.storyboard */; };
		302243F725124BDD00B12B85 /* Item.swift in Sources */ = {isa = PBXBuildFile; fileRef = 302243F625124BDD00B12B85 /* Item.swift */; };
		302243FA25124CB900B12B85 /* ItemManager.swift in Sources */ = {isa = PBXBuildFile; fileRef = 302243F925124CB900B12B85 /* ItemManager.swift */; };
		302243FC2512587100B12B85 /* StringExtension.swift in Sources */ = {isa = PBXBuildFile; fileRef = 302243FB2512587100B12B85 /* StringExtension.swift */; };
/* End PBXBuildFile section */

/* Begin PBXFileReference section */
		302243DF25124BAC00B12B85 /* appListaCompras.app */ = {isa = PBXFileReference; explicitFileType = wrapper.application; includeInIndex = 0; path = appListaCompras.app; sourceTree = BUILT_PRODUCTS_DIR; };
		302243E225124BAC00B12B85 /* AppDelegate.swift */ = {isa = PBXFileReference; lastKnownFileType = sourcecode.swift; path = AppDelegate.swift; sourceTree = "<group>"; };
		302243E425124BAC00B12B85 /* SceneDelegate.swift */ = {isa = PBXFileReference; lastKnownFileType = sourcecode.swift; path = SceneDelegate.swift; sourceTree = "<group>"; };
		302243E625124BAC00B12B85 /* MainViewController.swift */ = {isa = PBXFileReference; lastKnownFileType = sourcecode.swift; path = MainViewController.swift; sourceTree = "<group>"; };
		302243E925124BAC00B12B85 /* Base */ = {isa = PBXFileReference; lastKnownFileType = file.storyboard; name = Base; path = Base.lproj/Main.storyboard; sourceTree = "<group>"; };
		302243EB25124BB000B12B85 /* Assets.xcassets */ = {isa = PBXFileReference; lastKnownFileType = folder.assetcatalog; path = Assets.xcassets; sourceTree = "<group>"; };
		302243EE25124BB000B12B85 /* Base */ = {isa = PBXFileReference; lastKnownFileType = file.storyboard; name = Base; path = Base.lproj/LaunchScreen.storyboard; sourceTree = "<group>"; };
		302243F025124BB000B12B85 /* Info.plist */ = {isa = PBXFileReference; lastKnownFileType = text.plist.xml; path = Info.plist; sourceTree = "<group>"; };
		302243F625124BDD00B12B85 /* Item.swift */ = {isa = PBXFileReference; lastKnownFileType = sourcecode.swift; path = Item.swift; sourceTree = "<group>"; };
		302243F925124CB900B12B85 /* ItemManager.swift */ = {isa = PBXFileReference; lastKnownFileType = sourcecode.swift; path = ItemManager.swift; sourceTree = "<group>"; };
		302243FB2512587100B12B85 /* StringExtension.swift */ = {isa = PBXFileReference; lastKnownFileType = sourcecode.swift; path = StringExtension.swift; sourceTree = "<group>"; };
/* End PBXFileReference section */

/* Begin PBXFrameworksBuildPhase section */
		302243DC25124BAC00B12B85 /* Frameworks */ = {
			isa = PBXFrameworksBuildPhase;
			buildActionMask = 2147483647;
			files = (
			);
			runOnlyForDeploymentPostprocessing = 0;
		};
/* End PBXFrameworksBuildPhase section */

/* Begin PBXGroup section */
		302243D625124BAC00B12B85 = {
			isa = PBXGroup;
			children = (
				302243E125124BAC00B12B85 /* appListaCompras */,
				302243E025124BAC00B12B85 /* Products */,
			);
			sourceTree = "<group>";
		};
		302243E025124BAC00B12B85 /* Products */ = {
			isa = PBXGroup;
			children = (
				302243DF25124BAC00B12B85 /* appListaCompras.app */,
			);
			name = Products;
			sourceTree = "<group>";
		};
		302243E125124BAC00B12B85 /* appListaCompras */ = {
			isa = PBXGroup;
			children = (
				302243E225124BAC00B12B85 /* AppDelegate.swift */,
				302243F825124C4400B12B85 /* Class */,
				302243E425124BAC00B12B85 /* SceneDelegate.swift */,
				302243FB2512587100B12B85 /* StringExtension.swift */,
				302243E625124BAC00B12B85 /* MainViewController.swift */,
				302243E825124BAC00B12B85 /* Main.storyboard */,
				302243EB25124BB000B12B85 /* Assets.xcassets */,
				302243ED25124BB000B12B85 /* LaunchScreen.storyboard */,
				302243F025124BB000B12B85 /* Info.plist */,
			);
			path = appListaCompras;
			sourceTree = "<group>";
		};
		302243F825124C4400B12B85 /* Class */ = {
			isa = PBXGroup;
			children = (
				302243F625124BDD00B12B85 /* Item.swift */,
				302243F925124CB900B12B85 /* ItemManager.swift */,
			);
			path = Class;
			sourceTree = "<group>";
		};
/* End PBXGroup section */

/* Begin PBXNativeTarget section */
		302243DE25124BAC00B12B85 /* appListaCompras */ = {
			isa = PBXNativeTarget;
			buildConfigurationList = 302243F325124BB000B12B85 /* Build configuration list for PBXNativeTarget "appListaCompras" */;
			buildPhases = (
				302243DB25124BAC00B12B85 /* Sources */,
				302243DC25124BAC00B12B85 /* Frameworks */,
				302243DD25124BAC00B12B85 /* Resources */,
			);
			buildRules = (
			);
			dependencies = (
			);
			name = appListaCompras;
			productName = appListaCompras;
			productReference = 302243DF25124BAC00B12B85 /* appListaCompras.app */;
			productType = "com.apple.product-type.application";
		};
/* End PBXNativeTarget section */

/* Begin PBXProject section */
		302243D725124BAC00B12B85 /* Project object */ = {
			isa = PBXProject;
			attributes = {
				LastSwiftUpdateCheck = 1160;
				LastUpgradeCheck = 1160;
				ORGANIZATIONNAME = "Marcela Saidel";
				TargetAttributes = {
					302243DE25124BAC00B12B85 = {
						CreatedOnToolsVersion = 11.6;
					};
				};
			};
			buildConfigurationList = 302243DA25124BAC00B12B85 /* Build configuration list for PBXProject "appListaCompras" */;
			compatibilityVersion = "Xcode 9.3";
			developmentRegion = en;
			hasScannedForEncodings = 0;
			knownRegions = (
				en,
				Base,
			);
			mainGroup = 302243D625124BAC00B12B85;
			productRefGroup = 302243E025124BAC00B12B85 /* Products */;
			projectDirPath = "";
			projectRoot = "";
			targets = (
				302243DE25124BAC00B12B85 /* appListaCompras */,
			);
		};
/* End PBXProject section */

/* Begin PBXResourcesBuildPhase section */
		302243DD25124BAC00B12B85 /* Resources */ = {
			isa = PBXResourcesBuildPhase;
			buildActionMask = 2147483647;
			files = (
				302243EF25124BB000B12B85 /* LaunchScreen.storyboard in Resources */,
				302243EC25124BB000B12B85 /* Assets.xcassets in Resources */,
				302243EA25124BAC00B12B85 /* Main.storyboard in Resources */,
			);
			runOnlyForDeploymentPostprocessing = 0;
		};
/* End PBXResourcesBuildPhase section */

/* Begin PBXSourcesBuildPhase section */
		302243DB25124BAC00B12B85 /* Sources */ = {
			isa = PBXSourcesBuildPhase;
			buildActionMask = 2147483647;
			files = (
				302243F725124BDD00B12B85 /* Item.swift in Sources */,
				302243FA25124CB900B12B85 /* ItemManager.swift in Sources */,
				302243FC2512587100B12B85 /* StringExtension.swift in Sources */,
				302243E725124BAC00B12B85 /* MainViewController.swift in Sources */,
				302243E325124BAC00B12B85 /* AppDelegate.swift in Sources */,
				302243E525124BAC00B12B85 /* SceneDelegate.swift in Sources */,
			);
			runOnlyForDeploymentPostprocessing = 0;
		};
/* End PBXSourcesBuildPhase section */

/* Begin PBXVariantGroup section */
		302243E825124BAC00B12B85 /* Main.storyboard */ = {
			isa = PBXVariantGroup;
			children = (
				302243E925124BAC00B12B85 /* Base */,
			);
			name = Main.storyboard;
			sourceTree = "<group>";
		};
		302243ED25124BB000B12B85 /* LaunchScreen.storyboard */ = {
			isa = PBXVariantGroup;
			children = (
				302243EE25124BB000B12B85 /* Base */,
			);
			name = LaunchScreen.storyboard;
			sourceTree = "<group>";
		};
/* End PBXVariantGroup section */

/* Begin XCBuildConfiguration section */
		302243F125124BB000B12B85 /* Debug */ = {
			isa = XCBuildConfiguration;
			buildSettings = {
				ALWAYS_SEARCH_USER_PATHS = NO;
				CLANG_ANALYZER_NONNULL = YES;
				CLANG_ANALYZER_NUMBER_OBJECT_CONVERSION = YES_AGGRESSIVE;
				CLANG_CXX_LANGUAGE_STANDARD = "gnu++14";
				CLANG_CXX_LIBRARY = "libc++";
				CLANG_ENABLE_MODULES = YES;
				CLANG_ENABLE_OBJC_ARC = YES;
				CLANG_ENABLE_OBJC_WEAK = YES;
				CLANG_WARN_BLOCK_CAPTURE_AUTORELEASING = YES;
				CLANG_WARN_BOOL_CONVERSION = YES;
				CLANG_WARN_COMMA = YES;
				CLANG_WARN_CONSTANT_CONVERSION = YES;
				CLANG_WARN_DEPRECATED_OBJC_IMPLEMENTATIONS = YES;
				CLANG_WARN_DIRECT_OBJC_ISA_USAGE = YES_ERROR;
				CLANG_WARN_DOCUMENTATION_COMMENTS = YES;
				CLANG_WARN_EMPTY_BODY = YES;
				CLANG_WARN_ENUM_CONVERSION = YES;
				CLANG_WARN_INFINITE_RECURSION = YES;
				CLANG_WARN_INT_CONVERSION = YES;
				CLANG_WARN_NON_LITERAL_NULL_CONVERSION = YES;
				CLANG_WARN_OBJC_IMPLICIT_RETAIN_SELF = YES;
				CLANG_WARN_OBJC_LITERAL_CONVERSION = YES;
				CLANG_WARN_OBJC_ROOT_CLASS = YES_ERROR;
				CLANG_WARN_RANGE_LOOP_ANALYSIS = YES;
				CLANG_WARN_STRICT_PROTOTYPES = YES;
				CLANG_WARN_SUSPICIOUS_MOVE = YES;
				CLANG_WARN_UNGUARDED_AVAILABILITY = YES_AGGRESSIVE;
				CLANG_WARN_UNREACHABLE_CODE = YES;
				CLANG_WARN__DUPLICATE_METHOD_MATCH = YES;
				COPY_PHASE_STRIP = NO;
				DEBUG_INFORMATION_FORMAT = dwarf;
				ENABLE_STRICT_OBJC_MSGSEND = YES;
				ENABLE_TESTABILITY = YES;
				GCC_C_LANGUAGE_STANDARD = gnu11;
				GCC_DYNAMIC_NO_PIC = NO;
				GCC_NO_COMMON_BLOCKS = YES;
				GCC_OPTIMIZATION_LEVEL = 0;
				GCC_PREPROCESSOR_DEFINITIONS = (
					"DEBUG=1",
					"$(inherited)",
				);
				GCC_WARN_64_TO_32_BIT_CONVERSION = YES;
				GCC_WARN_ABOUT_RETURN_TYPE = YES_ERROR;
				GCC_WARN_UNDECLARED_SELECTOR = YES;
				GCC_WARN_UNINITIALIZED_AUTOS = YES_AGGRESSIVE;
				GCC_WARN_UNUSED_FUNCTION = YES;
				GCC_WARN_UNUSED_VARIABLE = YES;
				IPHONEOS_DEPLOYMENT_TARGET = 13.6;
				MTL_ENABLE_DEBUG_INFO = INCLUDE_SOURCE;
				MTL_FAST_MATH = YES;
				ONLY_ACTIVE_ARCH = YES;
				SDKROOT = iphoneos;
				SWIFT_ACTIVE_COMPILATION_CONDITIONS = DEBUG;
				SWIFT_OPTIMIZATION_LEVEL = "-Onone";
			};
			name = Debug;
		};
		302243F225124BB000B12B85 /* Release */ = {
			isa = XCBuildConfiguration;
			buildSettings = {
				ALWAYS_SEARCH_USER_PATHS = NO;
				CLANG_ANALYZER_NONNULL = YES;
				CLANG_ANALYZER_NUMBER_OBJECT_CONVERSION = YES_AGGRESSIVE;
				CLANG_CXX_LANGUAGE_STANDARD = "gnu++14";
				CLANG_CXX_LIBRARY = "libc++";
				CLANG_ENABLE_MODULES = YES;
				CLANG_ENABLE_OBJC_ARC = YES;
				CLANG_ENABLE_OBJC_WEAK = YES;
				CLANG_WARN_BLOCK_CAPTURE_AUTORELEASING = YES;
				CLANG_WARN_BOOL_CONVERSION = YES;
				CLANG_WARN_COMMA = YES;
				CLANG_WARN_CONSTANT_CONVERSION = YES;
				CLANG_WARN_DEPRECATED_OBJC_IMPLEMENTATIONS = YES;
				CLANG_WARN_DIRECT_OBJC_ISA_USAGE = YES_ERROR;
				CLANG_WARN_DOCUMENTATION_COMMENTS = YES;
				CLANG_WARN_EMPTY_BODY = YES;
				CLANG_WARN_ENUM_CONVERSION = YES;
				CLANG_WARN_INFINITE_RECURSION = YES;
				CLANG_WARN_INT_CONVERSION = YES;
				CLANG_WARN_NON_LITERAL_NULL_CONVERSION = YES;
				CLANG_WARN_OBJC_IMPLICIT_RETAIN_SELF = YES;
				CLANG_WARN_OBJC_LITERAL_CONVERSION = YES;
				CLANG_WARN_OBJC_ROOT_CLASS = YES_ERROR;
				CLANG_WARN_RANGE_LOOP_ANALYSIS = YES;
				CLANG_WARN_STRICT_PROTOTYPES = YES;
				CLANG_WARN_SUSPICIOUS_MOVE = YES;
				CLANG_WARN_UNGUARDED_AVAILABILITY = YES_AGGRESSIVE;
				CLANG_WARN_UNREACHABLE_CODE = YES;
				CLANG_WARN__DUPLICATE_METHOD_MATCH = YES;
				COPY_PHASE_STRIP = NO;
				DEBUG_INFORMATION_FORMAT = "dwarf-with-dsym";
				ENABLE_NS_ASSERTIONS = NO;
				ENABLE_STRICT_OBJC_MSGSEND = YES;
				GCC_C_LANGUAGE_STANDARD = gnu11;
				GCC_NO_COMMON_BLOCKS = YES;
				GCC_WARN_64_TO_32_BIT_CONVERSION = YES;
				GCC_WARN_ABOUT_RETURN_TYPE = YES_ERROR;
				GCC_WARN_UNDECLARED_SELECTOR = YES;
				GCC_WARN_UNINITIALIZED_AUTOS = YES_AGGRESSIVE;
				GCC_WARN_UNUSED_FUNCTION = YES;
				GCC_WARN_UNUSED_VARIABLE = YES;
				IPHONEOS_DEPLOYMENT_TARGET = 13.6;
				MTL_ENABLE_DEBUG_INFO = NO;
				MTL_FAST_MATH = YES;
				SDKROOT = iphoneos;
				SWIFT_COMPILATION_MODE = wholemodule;
				SWIFT_OPTIMIZATION_LEVEL = "-O";
				VALIDATE_PRODUCT = YES;
			};
			name = Release;
		};
		302243F425124BB000B12B85 /* Debug */ = {
			isa = XCBuildConfiguration;
			buildSettings = {
				ASSETCATALOG_COMPILER_APPICON_NAME = AppIcon;
				CODE_SIGN_STYLE = Automatic;
				DEVELOPMENT_TEAM = 8Z2LZUC99L;
				INFOPLIST_FILE = appListaCompras/Info.plist;
				LD_RUNPATH_SEARCH_PATHS = (
					"$(inherited)",
					"@executable_path/Frameworks",
				);
				PRODUCT_BUNDLE_IDENTIFIER = br.com.marcela.appListaCompras;
				PRODUCT_NAME = "$(TARGET_NAME)";
				SWIFT_VERSION = 5.0;
				TARGETED_DEVICE_FAMILY = "1,2";
			};
			name = Debug;
		};
		302243F525124BB000B12B85 /* Release */ = {
			isa = XCBuildConfiguration;
			buildSettings = {
				ASSETCATALOG_COMPILER_APPICON_NAME = AppIcon;
				CODE_SIGN_STYLE = Automatic;
				DEVELOPMENT_TEAM = 8Z2LZUC99L;
				INFOPLIST_FILE = appListaCompras/Info.plist;
				LD_RUNPATH_SEARCH_PATHS = (
					"$(inherited)",
					"@executable_path/Frameworks",
				);
				PRODUCT_BUNDLE_IDENTIFIER = br.com.marcela.appListaCompras;
				PRODUCT_NAME = "$(TARGET_NAME)";
				SWIFT_VERSION = 5.0;
				TARGETED_DEVICE_FAMILY = "1,2";
			};
			name = Release;
		};
/* End XCBuildConfiguration section */

/* Begin XCConfigurationList section */
		302243DA25124BAC00B12B85 /* Build configuration list for PBXProject "appListaCompras" */ = {
			isa = XCConfigurationList;
			buildConfigurations = (
				302243F125124BB000B12B85 /* Debug */,
				302243F225124BB000B12B85 /* Release */,
			);
			defaultConfigurationIsVisible = 0;
			defaultConfigurationName = Release;
		};
		302243F325124BB000B12B85 /* Build configuration list for PBXNativeTarget "appListaCompras" */ = {
			isa = XCConfigurationList;
			buildConfigurations = (
				302243F425124BB000B12B85 /* Debug */,
				302243F525124BB000B12B85 /* Release */,
			);
			defaultConfigurationIsVisible = 0;
			defaultConfigurationName = Release;
		};
/* End XCConfigurationList section */
	};
	rootObject = 302243D725124BAC00B12B85 /* Project object */;
}
